
Microsoft Visual Studio Solution File, Format Version 12.00
Project("{FAE04EC0-301F-11D3-BF4B-00C04F79EFBC}") = "AgeCalulater", "AgeCalulater\AgeCalulater\AgeCalulater.csproj", "{154753B8-AA4E-4F10-A477-9C8B03738B71}"
EndProject
Project("{FAE04EC0-301F-11D3-BF4B-00C04F79EFBC}") = "AgeCalulater.Android", "AgeCalulater\AgeCalulater.Android\AgeCalulater.Android.csproj", "{0AB471DE-CA9E-4342-8B9C-F4FBB475ACAD}"
EndProject
Project("{FAE04EC0-301F-11D3-BF4B-00C04F79EFBC}") = "AgeCalulater.iOS", "AgeCalulater\AgeCalulater.iOS\AgeCalulater.iOS.csproj", "{7F3BA42C-5417-4B59-8BF5-906BAEBAFA5B}"
EndProject
Global
	GlobalSection(SolutionConfigurationPlatforms) = preSolution
		Ad-Hoc|iPhone = Ad-Hoc|iPhone
		AppStore|iPhone = AppStore|iPhone
		Debug|Any CPU = Debug|Any CPU
		Debug|iPhone = Debug|iPhone
		Debug|iPhoneSimulator = Debug|iPhoneSimulator
		Release|Any CPU = Release|Any CPU
		Release|iPhone = Release|iPhone
		Release|iPhoneSimulator = Release|iPhoneSimulator
	EndGlobalSection
	GlobalSection(ProjectConfigurationPlatforms) = postSolution
		{154753B8-AA4E-4F10-A477-9C8B03738B71}.Ad-Hoc|iPhone.ActiveCfg = Debug|Any CPU
		{154753B8-AA4E-4F10-A477-9C8B03738B71}.Ad-Hoc|iPhone.Build.0 = Debug|Any CPU
		{154753B8-AA4E-4F10-A477-9C8B03738B71}.AppStore|iPhone.ActiveCfg = Debug|Any CPU
		{154753B8-AA4E-4F10-A477-9C8B03738B71}.AppStore|iPhone.Build.0 = Debug|Any CPU
		{154753B8-AA4E-4F10-A477-9C8B03738B71}.Debug|Any CPU.ActiveCfg = Debug|Any CPU
		{154753B8-AA4E-4F10-A477-9C8B03738B71}.Debug|Any CPU.Build.0 = Debug|Any CPU
		{154753B8-AA4E-4F10-A477-9C8B03738B71}.Debug|iPhone.ActiveCfg = Debug|Any CPU
		{154753B8-AA4E-4F10-A477-9C8B03738B71}.Debug|iPhone.Build.0 = Debug|Any CPU
		{154753B8-AA4E-4F10-A477-9C8B03738B71}.Debug|iPhoneSimulator.ActiveCfg = Debug|Any CPU
		{154753B8-AA4E-4F10-A477-9C8B03738B71}.Debug|iPhoneSimulator.Build.0 = Debug|Any CPU
		{154753B8-AA4E-4F10-A477-9C8B03738B71}.Release|Any CPU.ActiveCfg = Release|Any CPU
		{154753B8-AA4E-4F10-A477-9C8B03738B71}.Release|Any CPU.Build.0 = Release|Any CPU
		{154753B8-AA4E-4F10-A477-9C8B03738B71}.Release|iPhone.ActiveCfg = Release|Any CPU
		{154753B8-AA4E-4F10-A477-9C8B03738B71}.Release|iPhone.Build.0 = Release|Any CPU
		{154753B8-AA4E-4F10-A477-9C8B03738B71}.Release|iPhoneSimulator.ActiveCfg = Release|Any CPU
		{154753B8-AA4E-4F10-A477-9C8B03738B71}.Release|iPhoneSimulator.Build.0 = Release|Any CPU
		{0AB471DE-CA9E-4342-8B9C-F4FBB475ACAD}.Ad-Hoc|iPhone.ActiveCfg = Debug|Any CPU
		{0AB471DE-CA9E-4342-8B9C-F4FBB475ACAD}.Ad-Hoc|iPhone.Build.0 = Debug|Any CPU
		{0AB471DE-CA9E-4342-8B9C-F4FBB475ACAD}.Ad-Hoc|iPhone.Deploy.0 = Debug|Any CPU
		{0AB471DE-CA9E-4342-8B9C-F4FBB475ACAD}.AppStore|iPhone.ActiveCfg = Debug|Any CPU
		{0AB471DE-CA9E-4342-8B9C-F4FBB475ACAD}.AppStore|iPhone.Build.0 = Debug|Any CPU
		{0AB471DE-CA9E-4342-8B9C-F4FBB475ACAD}.AppStore|iPhone.Deploy.0 = Debug|Any CPU
		{0AB471DE-CA9E-4342-8B9C-F4FBB475ACAD}.Debug|Any CPU.ActiveCfg = Debug|Any CPU
		{0AB471DE-CA9E-4342-8B9C-F4FBB475ACAD}.Debug|Any CPU.Build.0 = Debug|Any CPU
		{0AB471DE-CA9E-4342-8B9C-F4FBB475ACAD}.Debug|Any CPU.Deploy.0 = Debug|Any CPU
		{0AB471DE-CA9E-4342-8B9C-F4FBB475ACAD}.Debug|iPhone.ActiveCfg = Debug|Any CPU
		{0AB471DE-CA9E-4342-8B9C-F4FBB475ACAD}.Debug|iPhone.Build.0 = Debug|Any CPU
		{0AB471DE-CA9E-4342-8B9C-F4FBB475ACAD}.Debug|iPhone.Deploy.0 = Debug|Any CPU
		{0AB471DE-CA9E-4342-8B9C-F4FBB475ACAD}.Debug|iPhoneSimulator.ActiveCfg = Debug|Any CPU
		{0AB471DE-CA9E-4342-8B9C-F4FBB475ACAD}.Debug|iPhoneSimulator.Build.0 = Debug|Any CPU
		{0AB471DE-CA9E-4342-8B9C-F4FBB475ACAD}.Debug|iPhoneSimulator.Deploy.0 = Debug|Any CPU
		{0AB471DE-CA9E-4342-8B9C-F4FBB475ACAD}.Release|Any CPU.ActiveCfg = Release|Any CPU
		{0AB471DE-CA9E-4342-8B9C-F4FBB475ACAD}.Release|Any CPU.Build.0 = Release|Any CPU
		{0AB471DE-CA9E-4342-8B9C-F4FBB475ACAD}.Release|Any CPU.Deploy.0 = Release|Any CPU
		{0AB471DE-CA9E-4342-8B9C-F4FBB475ACAD}.Release|iPhone.ActiveCfg = Release|Any CPU
		{0AB471DE-CA9E-4342-8B9C-F4FBB475ACAD}.Release|iPhone.Build.0 = Release|Any CPU
		{0AB471DE-CA9E-4342-8B9C-F4FBB475ACAD}.Release|iPhone.Deploy.0 = Release|Any CPU
		{0AB471DE-CA9E-4342-8B9C-F4FBB475ACAD}.Release|iPhoneSimulator.ActiveCfg = Release|Any CPU
		{0AB471DE-CA9E-4342-8B9C-F4FBB475ACAD}.Release|iPhoneSimulator.Build.0 = Release|Any CPU
		{0AB471DE-CA9E-4342-8B9C-F4FBB475ACAD}.Release|iPhoneSimulator.Deploy.0 = Release|Any CPU
		{7F3BA42C-5417-4B59-8BF5-906BAEBAFA5B}.Ad-Hoc|iPhone.ActiveCfg = Ad-Hoc|iPhone
		{7F3BA42C-5417-4B59-8BF5-906BAEBAFA5B}.Ad-Hoc|iPhone.Build.0 = Ad-Hoc|iPhone
		{7F3BA42C-5417-4B59-8BF5-906BAEBAFA5B}.Ad-Hoc|iPhone.Deploy.0 = Ad-Hoc|iPhone
		{7F3BA42C-5417-4B59-8BF5-906BAEBAFA5B}.AppStore|iPhone.ActiveCfg = AppStore|iPhone
		{7F3BA42C-5417-4B59-8BF5-906BAEBAFA5B}.AppStore|iPhone.Build.0 = AppStore|iPhone
		{7F3BA42C-5417-4B59-8BF5-906BAEBAFA5B}.AppStore|iPhone.Deploy.0 = AppStore|iPhone
		{7F3BA42C-5417-4B59-8BF5-906BAEBAFA5B}.Debug|Any CPU.ActiveCfg = Debug|iPhoneSimulator
		{7F3BA42C-5417-4B59-8BF5-906BAEBAFA5B}.Debug|Any CPU.Build.0 = Debug|iPhoneSimulator
		{7F3BA42C-5417-4B59-8BF5-906BAEBAFA5B}.Debug|Any CPU.Deploy.0 = Debug|iPhoneSimulator
		{7F3BA42C-5417-4B59-8BF5-906BAEBAFA5B}.Debug|iPhone.ActiveCfg = Debug|iPhone
		{7F3BA42C-5417-4B59-8BF5-906BAEBAFA5B}.Debug|iPhone.Build.0 = Debug|iPhone
		{7F3BA42C-5417-4B59-8BF5-906BAEBAFA5B}.Debug|iPhone.Deploy.0 = Debug|iPhone
		{7F3BA42C-5417-4B59-8BF5-906BAEBAFA5B}.Debug|iPhoneSimulator.ActiveCfg = Debug|iPhoneSimulator
		{7F3BA42C-5417-4B59-8BF5-906BAEBAFA5B}.Debug|iPhoneSimulator.Build.0 = Debug|iPhoneSimulator
		{7F3BA42C-5417-4B59-8BF5-906BAEBAFA5B}.Debug|iPhoneSimulator.Deploy.0 = Debug|iPhoneSimulator
		{7F3BA42C-5417-4B59-8BF5-906BAEBAFA5B}.Release|Any CPU.ActiveCfg = Release|iPhoneSimulator
		{7F3BA42C-5417-4B59-8BF5-906BAEBAFA5B}.Release|Any CPU.Build.0 = Release|iPhoneSimulator
		{7F3BA42C-5417-4B59-8BF5-906BAEBAFA5B}.Release|Any CPU.Deploy.0 = Release|iPhoneSimulator
		{7F3BA42C-5417-4B59-8BF5-906BAEBAFA5B}.Release|iPhone.ActiveCfg = Release|iPhone
		{7F3BA42C-5417-4B59-8BF5-906BAEBAFA5B}.Release|iPhone.Build.0 = Release|iPhone
		{7F3BA42C-5417-4B59-8BF5-906BAEBAFA5B}.Release|iPhone.Deploy.0 = Release|iPhone
		{7F3BA42C-5417-4B59-8BF5-906BAEBAFA5B}.Release|iPhoneSimulator.ActiveCfg = Release|iPhoneSimulator
		{7F3BA42C-5417-4B59-8BF5-906BAEBAFA5B}.Release|iPhoneSimulator.Build.0 = Release|iPhoneSimulator
		{7F3BA42C-5417-4B59-8BF5-906BAEBAFA5B}.Release|iPhoneSimulator.Deploy.0 = Release|iPhoneSimulator
	EndGlobalSection
EndGlobal
